
Microsoft Visual Studio Solution File, Format Version 12.00
# Visual Studio Version 16
VisualStudioVersion = 16.0.29613.14
MinimumVisualStudioVersion = 10.0.40219.1
Project("{9092AA53-FB77-4645-B42D-1CCCA6BD08BD}") = "Compiler", "Compiler.njsproj", "{53B9C0B6-4A48-4E25-9960-31CBB72E82E0}"
EndProject
Global
	GlobalSection(SolutionConfigurationPlatforms) = preSolution
		Debug|Any CPU = Debug|Any CPU
		Release|Any CPU = Release|Any CPU
	EndGlobalSection
	GlobalSection(ProjectConfigurationPlatforms) = postSolution
		{53B9C0B6-4A48-4E25-9960-31CBB72E82E0}.Debug|Any CPU.ActiveCfg = Debug|Any CPU
		{53B9C0B6-4A48-4E25-9960-31CBB72E82E0}.Debug|Any CPU.Build.0 = Debug|Any CPU
		{53B9C0B6-4A48-4E25-9960-31CBB72E82E0}.Release|Any CPU.ActiveCfg = Release|Any CPU
		{53B9C0B6-4A48-4E25-9960-31CBB72E82E0}.Release|Any CPU.Build.0 = Release|Any CPU
	EndGlobalSection
	GlobalSection(SolutionProperties) = preSolution
		HideSolutionNode = FALSE
	EndGlobalSection
	GlobalSection(ExtensibilityGlobals) = postSolution
		SolutionGuid = {8F5E4EF5-5459-4339-9BF7-7F74B8A5D0B5}
	EndGlobalSection
EndGlobal
